
Microsoft Visual Studio Solution File, Format Version 12.00
# Visual Studio Version 17
VisualStudioVersion = 17.13.35931.197
MinimumVisualStudioVersion = 10.0.40219.1
Project("{FAE04EC0-301F-11D3-BF4B-00C04F79EFBC}") = "GameStore.Web", "GameStore.Web\GameStore.Web.csproj", "{ECB2244B-6D80-444E-AB47-1E5941915E03}"
EndProject
Project("{FAE04EC0-301F-11D3-BF4B-00C04F79EFBC}") = "GameStore.BLL", "GameStore.BLL\GameStore.BLL.csproj", "{23468D64-D354-4F62-A395-EABC2B6260D6}"
EndProject
Project("{FAE04EC0-301F-11D3-BF4B-00C04F79EFBC}") = "GameStore.BLL.Abstract", "GameStore.BLL.Abstract\GameStore.BLL.Abstract.csproj", "{B436471C-7285-4B79-A3F8-CEE925288589}"
EndProject
Project("{FAE04EC0-301F-11D3-BF4B-00C04F79EFBC}") = "GameStore.DAL", "GameStore.DAL\GameStore.DAL.csproj", "{E95E1DB7-0CC7-4998-96AE-FD7FD3658677}"
EndProject
Project("{FAE04EC0-301F-11D3-BF4B-00C04F79EFBC}") = "GameStore.DAL.Abstract", "GameStore.DAL.Abstract\GameStore.DAL.Abstract.csproj", "{5D178733-D14F-4381-9560-542E291EE3D3}"
EndProject
Project("{FAE04EC0-301F-11D3-BF4B-00C04F79EFBC}") = "GameStore.Models", "GameStore.Models\GameStore.Models.csproj", "{C30C7FD3-A88C-4536-9705-08128E408B7F}"
EndProject
Project("{FAE04EC0-301F-11D3-BF4B-00C04F79EFBC}") = "GameStore.Utils", "GameStore.Utils\GameStore.Utils.csproj", "{6FB9E886-032C-4D69-AE5A-BC194317EC36}"
EndProject
Global
	GlobalSection(SolutionConfigurationPlatforms) = preSolution
		Debug|Any CPU = Debug|Any CPU
		Release|Any CPU = Release|Any CPU
	EndGlobalSection
	GlobalSection(ProjectConfigurationPlatforms) = postSolution
		{ECB2244B-6D80-444E-AB47-1E5941915E03}.Debug|Any CPU.ActiveCfg = Debug|Any CPU
		{ECB2244B-6D80-444E-AB47-1E5941915E03}.Debug|Any CPU.Build.0 = Debug|Any CPU
		{ECB2244B-6D80-444E-AB47-1E5941915E03}.Release|Any CPU.ActiveCfg = Release|Any CPU
		{ECB2244B-6D80-444E-AB47-1E5941915E03}.Release|Any CPU.Build.0 = Release|Any CPU
		{23468D64-D354-4F62-A395-EABC2B6260D6}.Debug|Any CPU.ActiveCfg = Debug|Any CPU
		{23468D64-D354-4F62-A395-EABC2B6260D6}.Debug|Any CPU.Build.0 = Debug|Any CPU
		{23468D64-D354-4F62-A395-EABC2B6260D6}.Release|Any CPU.ActiveCfg = Release|Any CPU
		{23468D64-D354-4F62-A395-EABC2B6260D6}.Release|Any CPU.Build.0 = Release|Any CPU
		{B436471C-7285-4B79-A3F8-CEE925288589}.Debug|Any CPU.ActiveCfg = Debug|Any CPU
		{B436471C-7285-4B79-A3F8-CEE925288589}.Debug|Any CPU.Build.0 = Debug|Any CPU
		{B436471C-7285-4B79-A3F8-CEE925288589}.Release|Any CPU.ActiveCfg = Release|Any CPU
		{B436471C-7285-4B79-A3F8-CEE925288589}.Release|Any CPU.Build.0 = Release|Any CPU
		{E95E1DB7-0CC7-4998-96AE-FD7FD3658677}.Debug|Any CPU.ActiveCfg = Debug|Any CPU
		{E95E1DB7-0CC7-4998-96AE-FD7FD3658677}.Debug|Any CPU.Build.0 = Debug|Any CPU
		{E95E1DB7-0CC7-4998-96AE-FD7FD3658677}.Release|Any CPU.ActiveCfg = Release|Any CPU
		{E95E1DB7-0CC7-4998-96AE-FD7FD3658677}.Release|Any CPU.Build.0 = Release|Any CPU
		{5D178733-D14F-4381-9560-542E291EE3D3}.Debug|Any CPU.ActiveCfg = Debug|Any CPU
		{5D178733-D14F-4381-9560-542E291EE3D3}.Debug|Any CPU.Build.0 = Debug|Any CPU
		{5D178733-D14F-4381-9560-542E291EE3D3}.Release|Any CPU.ActiveCfg = Release|Any CPU
		{5D178733-D14F-4381-9560-542E291EE3D3}.Release|Any CPU.Build.0 = Release|Any CPU
		{C30C7FD3-A88C-4536-9705-08128E408B7F}.Debug|Any CPU.ActiveCfg = Debug|Any CPU
		{C30C7FD3-A88C-4536-9705-08128E408B7F}.Debug|Any CPU.Build.0 = Debug|Any CPU
		{C30C7FD3-A88C-4536-9705-08128E408B7F}.Release|Any CPU.ActiveCfg = Release|Any CPU
		{C30C7FD3-A88C-4536-9705-08128E408B7F}.Release|Any CPU.Build.0 = Release|Any CPU
		{6FB9E886-032C-4D69-AE5A-BC194317EC36}.Debug|Any CPU.ActiveCfg = Debug|Any CPU
		{6FB9E886-032C-4D69-AE5A-BC194317EC36}.Debug|Any CPU.Build.0 = Debug|Any CPU
		{6FB9E886-032C-4D69-AE5A-BC194317EC36}.Release|Any CPU.ActiveCfg = Release|Any CPU
		{6FB9E886-032C-4D69-AE5A-BC194317EC36}.Release|Any CPU.Build.0 = Release|Any CPU
	EndGlobalSection
	GlobalSection(SolutionProperties) = preSolution
		HideSolutionNode = FALSE
	EndGlobalSection
	GlobalSection(ExtensibilityGlobals) = postSolution
		SolutionGuid = {C05C4E0E-19FB-4A2B-B7EC-80CEA1313067}
	EndGlobalSection
EndGlobal
